
Microsoft Visual Studio Solution File, Format Version 12.00
# Visual Studio Version 17
VisualStudioVersion = 17.8.34525.116
MinimumVisualStudioVersion = 10.0.40219.1
Project("{FAE04EC0-301F-11D3-BF4B-00C04F79EFBC}") = "MyProjectForGitHubPractice", "MyProjectForGitHubPractice\MyProjectForGitHubPractice.csproj", "{AC42287F-0DE2-4808-981C-EC4D7B6A98DB}"
EndProject
Global
	GlobalSection(SolutionConfigurationPlatforms) = preSolution
		Debug|Any CPU = Debug|Any CPU
		Release|Any CPU = Release|Any CPU
	EndGlobalSection
	GlobalSection(ProjectConfigurationPlatforms) = postSolution
		{AC42287F-0DE2-4808-981C-EC4D7B6A98DB}.Debug|Any CPU.ActiveCfg = Debug|Any CPU
		{AC42287F-0DE2-4808-981C-EC4D7B6A98DB}.Debug|Any CPU.Build.0 = Debug|Any CPU
		{AC42287F-0DE2-4808-981C-EC4D7B6A98DB}.Release|Any CPU.ActiveCfg = Release|Any CPU
		{AC42287F-0DE2-4808-981C-EC4D7B6A98DB}.Release|Any CPU.Build.0 = Release|Any CPU
	EndGlobalSection
	GlobalSection(SolutionProperties) = preSolution
		HideSolutionNode = FALSE
	EndGlobalSection
	GlobalSection(ExtensibilityGlobals) = postSolution
		SolutionGuid = {FF6546BC-0297-488E-A223-0E2972DA2F9E}
	EndGlobalSection
EndGlobal
